
Microsoft Visual Studio Solution File, Format Version 12.00
# Visual Studio Version 17
VisualStudioVersion = 17.0.31903.59
MinimumVisualStudioVersion = 10.0.40219.1
Project("{2150E333-8FDC-42A3-9474-1A3956D46DE8}") = "src", "src", "{827E0CD3-B72D-47B6-A68D-7590B98EB39B}"
EndProject
Project("{2150E333-8FDC-42A3-9474-1A3956D46DE8}") = "shared", "shared", "{C8E42992-5E42-0C2B-DBFE-AA848D06431C}"
EndProject
Project("{FAE04EC0-301F-11D3-BF4B-00C04F79EFBC}") = "SharedKernel.Logging", "src\shared\SharedKernel.Logging\SharedKernel.Logging.csproj", "{93E0BBC7-8FB2-4761-9483-963E3D5A026E}"
EndProject
Project("{2150E333-8FDC-42A3-9474-1A3956D46DE8}") = "services", "services", "{984BB9B3-3FA3-BE33-9484-CAC21695A33C}"
EndProject
Project("{FAE04EC0-301F-11D3-BF4B-00C04F79EFBC}") = "UserService", "src\services\UserService\UserService.csproj", "{71A7DF36-0068-4E40-AAE9-A52EC3AE8EDB}"
EndProject
Project("{FAE04EC0-301F-11D3-BF4B-00C04F79EFBC}") = "ProductService", "src\services\ProductService\ProductService.csproj", "{F4829F68-C215-4BB8-AA9B-72AC989A5CF7}"
EndProject
Project("{FAE04EC0-301F-11D3-BF4B-00C04F79EFBC}") = "OrderService", "src\services\OrderService\OrderService.csproj", "{D63E4D2B-38E9-4B41-B9AC-5272E59F1A23}"
EndProject
Project("{2150E333-8FDC-42A3-9474-1A3956D46DE8}") = "gateway", "gateway", "{6306A8FB-679E-111F-6585-8F70E0EE6013}"
EndProject
Project("{FAE04EC0-301F-11D3-BF4B-00C04F79EFBC}") = "ApiGateway", "src\gateway\ApiGateway\ApiGateway.csproj", "{525DCE89-3ABA-4C32-8894-3C93566BB2C8}"
EndProject
Global
	GlobalSection(SolutionConfigurationPlatforms) = preSolution
		Debug|Any CPU = Debug|Any CPU
		Debug|x64 = Debug|x64
		Debug|x86 = Debug|x86
		Release|Any CPU = Release|Any CPU
		Release|x64 = Release|x64
		Release|x86 = Release|x86
	EndGlobalSection
	GlobalSection(ProjectConfigurationPlatforms) = postSolution
		{93E0BBC7-8FB2-4761-9483-963E3D5A026E}.Debug|Any CPU.ActiveCfg = Debug|Any CPU
		{93E0BBC7-8FB2-4761-9483-963E3D5A026E}.Debug|Any CPU.Build.0 = Debug|Any CPU
		{93E0BBC7-8FB2-4761-9483-963E3D5A026E}.Debug|x64.ActiveCfg = Debug|Any CPU
		{93E0BBC7-8FB2-4761-9483-963E3D5A026E}.Debug|x64.Build.0 = Debug|Any CPU
		{93E0BBC7-8FB2-4761-9483-963E3D5A026E}.Debug|x86.ActiveCfg = Debug|Any CPU
		{93E0BBC7-8FB2-4761-9483-963E3D5A026E}.Debug|x86.Build.0 = Debug|Any CPU
		{93E0BBC7-8FB2-4761-9483-963E3D5A026E}.Release|Any CPU.ActiveCfg = Release|Any CPU
		{93E0BBC7-8FB2-4761-9483-963E3D5A026E}.Release|Any CPU.Build.0 = Release|Any CPU
		{93E0BBC7-8FB2-4761-9483-963E3D5A026E}.Release|x64.ActiveCfg = Release|Any CPU
		{93E0BBC7-8FB2-4761-9483-963E3D5A026E}.Release|x64.Build.0 = Release|Any CPU
		{93E0BBC7-8FB2-4761-9483-963E3D5A026E}.Release|x86.ActiveCfg = Release|Any CPU
		{93E0BBC7-8FB2-4761-9483-963E3D5A026E}.Release|x86.Build.0 = Release|Any CPU
		{71A7DF36-0068-4E40-AAE9-A52EC3AE8EDB}.Debug|Any CPU.ActiveCfg = Debug|Any CPU
		{71A7DF36-0068-4E40-AAE9-A52EC3AE8EDB}.Debug|Any CPU.Build.0 = Debug|Any CPU
		{71A7DF36-0068-4E40-AAE9-A52EC3AE8EDB}.Debug|x64.ActiveCfg = Debug|Any CPU
		{71A7DF36-0068-4E40-AAE9-A52EC3AE8EDB}.Debug|x64.Build.0 = Debug|Any CPU
		{71A7DF36-0068-4E40-AAE9-A52EC3AE8EDB}.Debug|x86.ActiveCfg = Debug|Any CPU
		{71A7DF36-0068-4E40-AAE9-A52EC3AE8EDB}.Debug|x86.Build.0 = Debug|Any CPU
		{71A7DF36-0068-4E40-AAE9-A52EC3AE8EDB}.Release|Any CPU.ActiveCfg = Release|Any CPU
		{71A7DF36-0068-4E40-AAE9-A52EC3AE8EDB}.Release|Any CPU.Build.0 = Release|Any CPU
		{71A7DF36-0068-4E40-AAE9-A52EC3AE8EDB}.Release|x64.ActiveCfg = Release|Any CPU
		{71A7DF36-0068-4E40-AAE9-A52EC3AE8EDB}.Release|x64.Build.0 = Release|Any CPU
		{71A7DF36-0068-4E40-AAE9-A52EC3AE8EDB}.Release|x86.ActiveCfg = Release|Any CPU
		{71A7DF36-0068-4E40-AAE9-A52EC3AE8EDB}.Release|x86.Build.0 = Release|Any CPU
		{F4829F68-C215-4BB8-AA9B-72AC989A5CF7}.Debug|Any CPU.ActiveCfg = Debug|Any CPU
		{F4829F68-C215-4BB8-AA9B-72AC989A5CF7}.Debug|Any CPU.Build.0 = Debug|Any CPU
		{F4829F68-C215-4BB8-AA9B-72AC989A5CF7}.Debug|x64.ActiveCfg = Debug|Any CPU
		{F4829F68-C215-4BB8-AA9B-72AC989A5CF7}.Debug|x64.Build.0 = Debug|Any CPU
		{F4829F68-C215-4BB8-AA9B-72AC989A5CF7}.Debug|x86.ActiveCfg = Debug|Any CPU
		{F4829F68-C215-4BB8-AA9B-72AC989A5CF7}.Debug|x86.Build.0 = Debug|Any CPU
		{F4829F68-C215-4BB8-AA9B-72AC989A5CF7}.Release|Any CPU.ActiveCfg = Release|Any CPU
		{F4829F68-C215-4BB8-AA9B-72AC989A5CF7}.Release|Any CPU.Build.0 = Release|Any CPU
		{F4829F68-C215-4BB8-AA9B-72AC989A5CF7}.Release|x64.ActiveCfg = Release|Any CPU
		{F4829F68-C215-4BB8-AA9B-72AC989A5CF7}.Release|x64.Build.0 = Release|Any CPU
		{F4829F68-C215-4BB8-AA9B-72AC989A5CF7}.Release|x86.ActiveCfg = Release|Any CPU
		{F4829F68-C215-4BB8-AA9B-72AC989A5CF7}.Release|x86.Build.0 = Release|Any CPU
		{D63E4D2B-38E9-4B41-B9AC-5272E59F1A23}.Debug|Any CPU.ActiveCfg = Debug|Any CPU
		{D63E4D2B-38E9-4B41-B9AC-5272E59F1A23}.Debug|Any CPU.Build.0 = Debug|Any CPU
		{D63E4D2B-38E9-4B41-B9AC-5272E59F1A23}.Debug|x64.ActiveCfg = Debug|Any CPU
		{D63E4D2B-38E9-4B41-B9AC-5272E59F1A23}.Debug|x64.Build.0 = Debug|Any CPU
		{D63E4D2B-38E9-4B41-B9AC-5272E59F1A23}.Debug|x86.ActiveCfg = Debug|Any CPU
		{D63E4D2B-38E9-4B41-B9AC-5272E59F1A23}.Debug|x86.Build.0 = Debug|Any CPU
		{D63E4D2B-38E9-4B41-B9AC-5272E59F1A23}.Release|Any CPU.ActiveCfg = Release|Any CPU
		{D63E4D2B-38E9-4B41-B9AC-5272E59F1A23}.Release|Any CPU.Build.0 = Release|Any CPU
		{D63E4D2B-38E9-4B41-B9AC-5272E59F1A23}.Release|x64.ActiveCfg = Release|Any CPU
		{D63E4D2B-38E9-4B41-B9AC-5272E59F1A23}.Release|x64.Build.0 = Release|Any CPU
		{D63E4D2B-38E9-4B41-B9AC-5272E59F1A23}.Release|x86.ActiveCfg = Release|Any CPU
		{D63E4D2B-38E9-4B41-B9AC-5272E59F1A23}.Release|x86.Build.0 = Release|Any CPU
		{525DCE89-3ABA-4C32-8894-3C93566BB2C8}.Debug|Any CPU.ActiveCfg = Debug|Any CPU
		{525DCE89-3ABA-4C32-8894-3C93566BB2C8}.Debug|Any CPU.Build.0 = Debug|Any CPU
		{525DCE89-3ABA-4C32-8894-3C93566BB2C8}.Debug|x64.ActiveCfg = Debug|Any CPU
		{525DCE89-3ABA-4C32-8894-3C93566BB2C8}.Debug|x64.Build.0 = Debug|Any CPU
		{525DCE89-3ABA-4C32-8894-3C93566BB2C8}.Debug|x86.ActiveCfg = Debug|Any CPU
		{525DCE89-3ABA-4C32-8894-3C93566BB2C8}.Debug|x86.Build.0 = Debug|Any CPU
		{525DCE89-3ABA-4C32-8894-3C93566BB2C8}.Release|Any CPU.ActiveCfg = Release|Any CPU
		{525DCE89-3ABA-4C32-8894-3C93566BB2C8}.Release|Any CPU.Build.0 = Release|Any CPU
		{525DCE89-3ABA-4C32-8894-3C93566BB2C8}.Release|x64.ActiveCfg = Release|Any CPU
		{525DCE89-3ABA-4C32-8894-3C93566BB2C8}.Release|x64.Build.0 = Release|Any CPU
		{525DCE89-3ABA-4C32-8894-3C93566BB2C8}.Release|x86.ActiveCfg = Release|Any CPU
		{525DCE89-3ABA-4C32-8894-3C93566BB2C8}.Release|x86.Build.0 = Release|Any CPU
	EndGlobalSection
	GlobalSection(SolutionProperties) = preSolution
		HideSolutionNode = FALSE
	EndGlobalSection
	GlobalSection(NestedProjects) = preSolution
		{C8E42992-5E42-0C2B-DBFE-AA848D06431C} = {827E0CD3-B72D-47B6-A68D-7590B98EB39B}
		{93E0BBC7-8FB2-4761-9483-963E3D5A026E} = {C8E42992-5E42-0C2B-DBFE-AA848D06431C}
		{984BB9B3-3FA3-BE33-9484-CAC21695A33C} = {827E0CD3-B72D-47B6-A68D-7590B98EB39B}
		{71A7DF36-0068-4E40-AAE9-A52EC3AE8EDB} = {984BB9B3-3FA3-BE33-9484-CAC21695A33C}
		{F4829F68-C215-4BB8-AA9B-72AC989A5CF7} = {984BB9B3-3FA3-BE33-9484-CAC21695A33C}
		{D63E4D2B-38E9-4B41-B9AC-5272E59F1A23} = {984BB9B3-3FA3-BE33-9484-CAC21695A33C}
		{6306A8FB-679E-111F-6585-8F70E0EE6013} = {827E0CD3-B72D-47B6-A68D-7590B98EB39B}
		{525DCE89-3ABA-4C32-8894-3C93566BB2C8} = {6306A8FB-679E-111F-6585-8F70E0EE6013}
	EndGlobalSection
EndGlobal
